// !$*UTF8*$!
{
	archiveVersion = 1;
	classes = {
	};
	objectVersion = 50;
	objects = {

/* Begin PBXBuildFile section */
		7880A8582234B21A00EA0503 /* MovieServiceProtocol.swift in Sources */ = {isa = PBXBuildFile; fileRef = 7880A8572234B21A00EA0503 /* MovieServiceProtocol.swift */; };
		78933A5E223497A5003DE75D /* RealmDAO.framework in Frameworks */ = {isa = PBXBuildFile; fileRef = 78933A5D223497A5003DE75D /* RealmDAO.framework */; };
		78933A5F223497A9003DE75D /* RealmDAO.framework in Frameworks */ = {isa = PBXBuildFile; fileRef = 78933A5D223497A5003DE75D /* RealmDAO.framework */; };
		78933A60223497A9003DE75D /* RealmDAO.framework in CopyFiles */ = {isa = PBXBuildFile; fileRef = 78933A5D223497A5003DE75D /* RealmDAO.framework */; settings = {ATTRIBUTES = (CodeSignOnCopy, RemoveHeadersOnCopy, ); }; };
		78FCBF86222DB8F00096D1D7 /* UIImageCacheExtensions.swift in Sources */ = {isa = PBXBuildFile; fileRef = 78FCBF85222DB8F00096D1D7 /* UIImageCacheExtensions.swift */; };
		9B25C6A82220442D00338D41 /* Alamofire.framework in Frameworks */ = {isa = PBXBuildFile; fileRef = 9B25C6A72220442D00338D41 /* Alamofire.framework */; };
		9B25C6AA2220443700338D41 /* Realm.framework in Frameworks */ = {isa = PBXBuildFile; fileRef = 9B25C6A92220443700338D41 /* Realm.framework */; };
		9B25C6AC2220444000338D41 /* RealmSwift.framework in Frameworks */ = {isa = PBXBuildFile; fileRef = 9B25C6AB2220444000338D41 /* RealmSwift.framework */; };
		9B25C6AF222044CC00338D41 /* Alamofire.framework in CopyFiles */ = {isa = PBXBuildFile; fileRef = 9B25C6AE222044CC00338D41 /* Alamofire.framework */; settings = {ATTRIBUTES = (CodeSignOnCopy, RemoveHeadersOnCopy, ); }; };
		9B25C6B1222044D200338D41 /* Realm.framework in CopyFiles */ = {isa = PBXBuildFile; fileRef = 9B25C6B0222044D200338D41 /* Realm.framework */; settings = {ATTRIBUTES = (CodeSignOnCopy, RemoveHeadersOnCopy, ); }; };
		9B25C6B3222044D700338D41 /* RealmSwift.framework in CopyFiles */ = {isa = PBXBuildFile; fileRef = 9B25C6B2222044D700338D41 /* RealmSwift.framework */; settings = {ATTRIBUTES = (CodeSignOnCopy, RemoveHeadersOnCopy, ); }; };
		9B25C6C0222088C200338D41 /* SingleMovieInteractor.swift in Sources */ = {isa = PBXBuildFile; fileRef = 9B25C6BF222088C200338D41 /* SingleMovieInteractor.swift */; };
		9B2CDF702232ADB2001C58AD /* XCDYouTubeKit.framework in Frameworks */ = {isa = PBXBuildFile; fileRef = 9B2CDF6F2232ADB2001C58AD /* XCDYouTubeKit.framework */; };
		9B2CDF712232ADB8001C58AD /* XCDYouTubeKit.framework in Frameworks */ = {isa = PBXBuildFile; fileRef = 9B2CDF6F2232ADB2001C58AD /* XCDYouTubeKit.framework */; };
		9B2CDF722232ADB8001C58AD /* XCDYouTubeKit.framework in CopyFiles */ = {isa = PBXBuildFile; fileRef = 9B2CDF6F2232ADB2001C58AD /* XCDYouTubeKit.framework */; settings = {ATTRIBUTES = (CodeSignOnCopy, RemoveHeadersOnCopy, ); }; };
		9B2CDF742232B9B5001C58AD /* RealMigrations.swift in Sources */ = {isa = PBXBuildFile; fileRef = 9B2CDF732232B9B5001C58AD /* RealMigrations.swift */; };
		9B4A4A86222983E800B20399 /* SwiftyBeaver.framework in Frameworks */ = {isa = PBXBuildFile; fileRef = 9B4A4A85222983E800B20399 /* SwiftyBeaver.framework */; };
		9B4A4A882229861800B20399 /* SwiftyBeaver.framework in Frameworks */ = {isa = PBXBuildFile; fileRef = 9B4A4A85222983E800B20399 /* SwiftyBeaver.framework */; };
		9B4A4A892229861800B20399 /* SwiftyBeaver.framework in CopyFiles */ = {isa = PBXBuildFile; fileRef = 9B4A4A85222983E800B20399 /* SwiftyBeaver.framework */; settings = {ATTRIBUTES = (CodeSignOnCopy, RemoveHeadersOnCopy, ); }; };
		9B4A4A8B2229892800B20399 /* SwiftyBeaverExtensions.swift in Sources */ = {isa = PBXBuildFile; fileRef = 9B4A4A8A2229892800B20399 /* SwiftyBeaverExtensions.swift */; };
		9B4A4A8E22298C3500B20399 /* reach_the_end.otf in Resources */ = {isa = PBXBuildFile; fileRef = 9B4A4A8D22298C1F00B20399 /* reach_the_end.otf */; };
		9B4E1A4222301C9A00ED1D61 /* MapFloatRange.swift in Sources */ = {isa = PBXBuildFile; fileRef = 9B4E1A4122301C9A00ED1D61 /* MapFloatRange.swift */; };
		9B7174C52229ACCE00EF5962 /* CustomNavigationController.swift in Sources */ = {isa = PBXBuildFile; fileRef = 9B7174C42229ACCE00EF5962 /* CustomNavigationController.swift */; };
		9B7174CC2229C7B400EF5962 /* poster_loading.json in Resources */ = {isa = PBXBuildFile; fileRef = 9B7174CB2229C7B400EF5962 /* poster_loading.json */; };
		9B7174D22229D10C00EF5962 /* UIImageExtensions.swift in Sources */ = {isa = PBXBuildFile; fileRef = 9B7174D12229D10C00EF5962 /* UIImageExtensions.swift */; };
		9B82E81C221EE0BF00B84486 /* FloatingButton.swift in Sources */ = {isa = PBXBuildFile; fileRef = 9B82E81B221EE0BF00B84486 /* FloatingButton.swift */; };
		9B82E81F221EE4B700B84486 /* FloatingMenu.xib in Resources */ = {isa = PBXBuildFile; fileRef = 9B82E81E221EE4B700B84486 /* FloatingMenu.xib */; };
		9B82E823221EE9C500B84486 /* FloatingMenu.swift in Sources */ = {isa = PBXBuildFile; fileRef = 9B82E822221EE9C500B84486 /* FloatingMenu.swift */; };
		9B82E825221F1C6000B84486 /* ViewExtensions.swift in Sources */ = {isa = PBXBuildFile; fileRef = 9B82E824221F1C6000B84486 /* ViewExtensions.swift */; };
		9B8C99E8221B48D900709385 /* AppDelegate.swift in Sources */ = {isa = PBXBuildFile; fileRef = 9B8C99E7221B48D900709385 /* AppDelegate.swift */; };
		9B8C99EA221B48D900709385 /* ViewController.swift in Sources */ = {isa = PBXBuildFile; fileRef = 9B8C99E9221B48D900709385 /* ViewController.swift */; };
		9B8C99ED221B48D900709385 /* Main.storyboard in Resources */ = {isa = PBXBuildFile; fileRef = 9B8C99EB221B48D900709385 /* Main.storyboard */; };
		9B8C99EF221B48DA00709385 /* Assets.xcassets in Resources */ = {isa = PBXBuildFile; fileRef = 9B8C99EE221B48DA00709385 /* Assets.xcassets */; };
		9B8C99F2221B48DA00709385 /* LaunchScreen.storyboard in Resources */ = {isa = PBXBuildFile; fileRef = 9B8C99F0221B48DA00709385 /* LaunchScreen.storyboard */; };
		9B8C99FD221B48DA00709385 /* MovieDBTests.swift in Sources */ = {isa = PBXBuildFile; fileRef = 9B8C99FC221B48DA00709385 /* MovieDBTests.swift */; };
		9B8C9A08221B48DA00709385 /* MovieDBUITests.swift in Sources */ = {isa = PBXBuildFile; fileRef = 9B8C9A07221B48DA00709385 /* MovieDBUITests.swift */; };
		9B8C9A23221B4D8A00709385 /* MoviesPresenter.swift in Sources */ = {isa = PBXBuildFile; fileRef = 9B8C9A1D221B4D8A00709385 /* MoviesPresenter.swift */; };
		9B8C9A24221B4D8A00709385 /* MovieServiceImplAlamofire.swift in Sources */ = {isa = PBXBuildFile; fileRef = 9B8C9A1E221B4D8A00709385 /* MovieServiceImplAlamofire.swift */; };
		9B8C9A26221B4D8A00709385 /* MoviesModels.swift in Sources */ = {isa = PBXBuildFile; fileRef = 9B8C9A20221B4D8A00709385 /* MoviesModels.swift */; };
		9B8C9A27221B4D8A00709385 /* MoviesViewController.swift in Sources */ = {isa = PBXBuildFile; fileRef = 9B8C9A21221B4D8A00709385 /* MoviesViewController.swift */; };
		9B8C9A28221B4D8A00709385 /* MoviesInteractor.swift in Sources */ = {isa = PBXBuildFile; fileRef = 9B8C9A22221B4D8A00709385 /* MoviesInteractor.swift */; };
		9B922B1A221C9184007E8AE7 /* SingleMovieController.swift in Sources */ = {isa = PBXBuildFile; fileRef = 9B922B19221C9184007E8AE7 /* SingleMovieController.swift */; };
		9B9E8A4B223697FE000F96B8 /* MovieServiceUrlCreatorImpl.swift in Sources */ = {isa = PBXBuildFile; fileRef = 9B9E8A4A223697FE000F96B8 /* MovieServiceUrlCreatorImpl.swift */; };
		9B9E8A4D223699FC000F96B8 /* MovieServiceImplAFNet.swift in Sources */ = {isa = PBXBuildFile; fileRef = 9B9E8A4C223699FC000F96B8 /* MovieServiceImplAFNet.swift */; };
		9B9E8A4F22369EEC000F96B8 /* AFNetworking.framework in Frameworks */ = {isa = PBXBuildFile; fileRef = 9B9E8A4E22369EEC000F96B8 /* AFNetworking.framework */; };
		9B9E8A5022369EEF000F96B8 /* AFNetworking.framework in Frameworks */ = {isa = PBXBuildFile; fileRef = 9B9E8A4E22369EEC000F96B8 /* AFNetworking.framework */; };
		9B9E8A5122369EEF000F96B8 /* AFNetworking.framework in CopyFiles */ = {isa = PBXBuildFile; fileRef = 9B9E8A4E22369EEC000F96B8 /* AFNetworking.framework */; settings = {ATTRIBUTES = (CodeSignOnCopy, RemoveHeadersOnCopy, ); }; };
		9BA4984C221B52A7007B37B3 /* DateExtensions.swift in Sources */ = {isa = PBXBuildFile; fileRef = 9BA4984B221B52A7007B37B3 /* DateExtensions.swift */; };
		9BA4984F221C4331007B37B3 /* MovieCell.swift in Sources */ = {isa = PBXBuildFile; fileRef = 9BA4984E221C4331007B37B3 /* MovieCell.swift */; };
		9BA4C56222258A43004FC90D /* MovieCell.xib in Resources */ = {isa = PBXBuildFile; fileRef = 9BA4C56122258A42004FC90D /* MovieCell.xib */; };
		9BA4C5652225AE25004FC90D /* PosterSegue.swift in Sources */ = {isa = PBXBuildFile; fileRef = 9BA4C5642225AE25004FC90D /* PosterSegue.swift */; };
		9BCBE3382230444C00D5D759 /* Swinject.framework in Frameworks */ = {isa = PBXBuildFile; fileRef = 9BCBE3372230444C00D5D759 /* Swinject.framework */; };
		9BCBE3392230445700D5D759 /* Swinject.framework in Frameworks */ = {isa = PBXBuildFile; fileRef = 9BCBE3372230444C00D5D759 /* Swinject.framework */; };
		9BCBE33A2230445700D5D759 /* Swinject.framework in CopyFiles */ = {isa = PBXBuildFile; fileRef = 9BCBE3372230444C00D5D759 /* Swinject.framework */; settings = {ATTRIBUTES = (CodeSignOnCopy, RemoveHeadersOnCopy, ); }; };
		9BCBE33D223044DF00D5D759 /* Swinject.swift in Sources */ = {isa = PBXBuildFile; fileRef = 9BCBE33C223044DF00D5D759 /* Swinject.swift */; };
		9BD19EFA2224698300DA094B /* Lottie.framework in Frameworks */ = {isa = PBXBuildFile; fileRef = 9BD19EF92224698000DA094B /* Lottie.framework */; };
		9BD19EFB2224699C00DA094B /* Lottie.framework in CopyFiles */ = {isa = PBXBuildFile; fileRef = 9BD19EF92224698000DA094B /* Lottie.framework */; settings = {ATTRIBUTES = (CodeSignOnCopy, RemoveHeadersOnCopy, ); }; };
		9BD19EFF2224732500DA094B /* loading.json in Resources */ = {isa = PBXBuildFile; fileRef = 9BD19EFE2224732500DA094B /* loading.json */; };
		9BD28D8F22208BA400B9661A /* SingleMoviePresenter.swift in Sources */ = {isa = PBXBuildFile; fileRef = 9BD28D8E22208BA400B9661A /* SingleMoviePresenter.swift */; };
		9BD28D912224192600B9661A /* Movie.swift in Sources */ = {isa = PBXBuildFile; fileRef = 9BD28D902224192600B9661A /* Movie.swift */; };
		9BD28D93222423DB00B9661A /* ErrorView.xib in Resources */ = {isa = PBXBuildFile; fileRef = 9BD28D92222423DB00B9661A /* ErrorView.xib */; };
		9BD28D952224253800B9661A /* ErrorView.swift in Sources */ = {isa = PBXBuildFile; fileRef = 9BD28D942224253800B9661A /* ErrorView.swift */; };
		9BD28D9B22244CC000B9661A /* ButtonExtensions.swift in Sources */ = {isa = PBXBuildFile; fileRef = 9BD28D9A22244CC000B9661A /* ButtonExtensions.swift */; };
		9BD28D9D22244DA600B9661A /* RoundShadowButton.swift in Sources */ = {isa = PBXBuildFile; fileRef = 9BD28D9C22244DA600B9661A /* RoundShadowButton.swift */; };
		9BD28DA62224633100B9661A /* LoadingView.xib in Resources */ = {isa = PBXBuildFile; fileRef = 9BD28DA52224633100B9661A /* LoadingView.xib */; };
		9BD28DA8222463C400B9661A /* LoadingView.swift in Sources */ = {isa = PBXBuildFile; fileRef = 9BD28DA7222463C400B9661A /* LoadingView.swift */; };
		9BE7BA612228810700CF69CD /* MovieCellInteractor.swift in Sources */ = {isa = PBXBuildFile; fileRef = 9BE7BA602228810700CF69CD /* MovieCellInteractor.swift */; };
		9BE7BA632228828700CF69CD /* MovieCellPresenter.swift in Sources */ = {isa = PBXBuildFile; fileRef = 9BE7BA622228828700CF69CD /* MovieCellPresenter.swift */; };
/* End PBXBuildFile section */

/* Begin PBXContainerItemProxy section */
		9B8C99F9221B48DA00709385 /* PBXContainerItemProxy */ = {
			isa = PBXContainerItemProxy;
			containerPortal = 9B8C99DC221B48D900709385 /* Project object */;
			proxyType = 1;
			remoteGlobalIDString = 9B8C99E3221B48D900709385;
			remoteInfo = MovieDB;
		};
		9B8C9A04221B48DA00709385 /* PBXContainerItemProxy */ = {
			isa = PBXContainerItemProxy;
			containerPortal = 9B8C99DC221B48D900709385 /* Project object */;
			proxyType = 1;
			remoteGlobalIDString = 9B8C99E3221B48D900709385;
			remoteInfo = MovieDB;
		};
/* End PBXContainerItemProxy section */

/* Begin PBXCopyFilesBuildPhase section */
		9B25C6AD222044AC00338D41 /* CopyFiles */ = {
			isa = PBXCopyFilesBuildPhase;
			buildActionMask = 2147483647;
			dstPath = "";
			dstSubfolderSpec = 10;
			files = (
				9B4A4A892229861800B20399 /* SwiftyBeaver.framework in CopyFiles */,
				9BD19EFB2224699C00DA094B /* Lottie.framework in CopyFiles */,
				9B2CDF722232ADB8001C58AD /* XCDYouTubeKit.framework in CopyFiles */,
				78933A60223497A9003DE75D /* RealmDAO.framework in CopyFiles */,
				9B25C6AF222044CC00338D41 /* Alamofire.framework in CopyFiles */,
				9BCBE33A2230445700D5D759 /* Swinject.framework in CopyFiles */,
				9B25C6B1222044D200338D41 /* Realm.framework in CopyFiles */,
				9B9E8A5122369EEF000F96B8 /* AFNetworking.framework in CopyFiles */,
				9B25C6B3222044D700338D41 /* RealmSwift.framework in CopyFiles */,
			);
			runOnlyForDeploymentPostprocessing = 0;
		};
/* End PBXCopyFilesBuildPhase section */

/* Begin PBXFileReference section */
		7880A8572234B21A00EA0503 /* MovieServiceProtocol.swift */ = {isa = PBXFileReference; lastKnownFileType = sourcecode.swift; path = MovieServiceProtocol.swift; sourceTree = "<group>"; };
		78933A5D223497A5003DE75D /* RealmDAO.framework */ = {isa = PBXFileReference; lastKnownFileType = wrapper.framework; name = RealmDAO.framework; path = Carthage/Build/iOS/RealmDAO.framework; sourceTree = "<group>"; };
		78FCBF85222DB8F00096D1D7 /* UIImageCacheExtensions.swift */ = {isa = PBXFileReference; lastKnownFileType = sourcecode.swift; path = UIImageCacheExtensions.swift; sourceTree = "<group>"; };
		9B25C6A72220442D00338D41 /* Alamofire.framework */ = {isa = PBXFileReference; lastKnownFileType = wrapper.framework; name = Alamofire.framework; path = Carthage/Build/iOS/Alamofire.framework; sourceTree = "<group>"; };
		9B25C6A92220443700338D41 /* Realm.framework */ = {isa = PBXFileReference; lastKnownFileType = wrapper.framework; name = Realm.framework; path = Carthage/Build/iOS/Realm.framework; sourceTree = "<group>"; };
		9B25C6AB2220444000338D41 /* RealmSwift.framework */ = {isa = PBXFileReference; lastKnownFileType = wrapper.framework; name = RealmSwift.framework; path = Carthage/Build/iOS/RealmSwift.framework; sourceTree = "<group>"; };
		9B25C6AE222044CC00338D41 /* Alamofire.framework */ = {isa = PBXFileReference; lastKnownFileType = wrapper.framework; name = Alamofire.framework; path = Carthage/Build/iOS/Alamofire.framework; sourceTree = "<group>"; };
		9B25C6B0222044D200338D41 /* Realm.framework */ = {isa = PBXFileReference; lastKnownFileType = wrapper.framework; name = Realm.framework; path = Carthage/Build/iOS/Realm.framework; sourceTree = "<group>"; };
		9B25C6B2222044D700338D41 /* RealmSwift.framework */ = {isa = PBXFileReference; lastKnownFileType = wrapper.framework; name = RealmSwift.framework; path = Carthage/Build/iOS/RealmSwift.framework; sourceTree = "<group>"; };
		9B25C6BF222088C200338D41 /* SingleMovieInteractor.swift */ = {isa = PBXFileReference; lastKnownFileType = sourcecode.swift; path = SingleMovieInteractor.swift; sourceTree = "<group>"; };
		9B2CDF6F2232ADB2001C58AD /* XCDYouTubeKit.framework */ = {isa = PBXFileReference; lastKnownFileType = wrapper.framework; name = XCDYouTubeKit.framework; path = Carthage/Build/iOS/XCDYouTubeKit.framework; sourceTree = "<group>"; };
		9B2CDF732232B9B5001C58AD /* RealMigrations.swift */ = {isa = PBXFileReference; lastKnownFileType = sourcecode.swift; path = RealMigrations.swift; sourceTree = "<group>"; };
		9B4A4A85222983E800B20399 /* SwiftyBeaver.framework */ = {isa = PBXFileReference; lastKnownFileType = wrapper.framework; name = SwiftyBeaver.framework; path = Carthage/Build/iOS/SwiftyBeaver.framework; sourceTree = "<group>"; };
		9B4A4A8A2229892800B20399 /* SwiftyBeaverExtensions.swift */ = {isa = PBXFileReference; lastKnownFileType = sourcecode.swift; path = SwiftyBeaverExtensions.swift; sourceTree = "<group>"; };
		9B4A4A8D22298C1F00B20399 /* reach_the_end.otf */ = {isa = PBXFileReference; lastKnownFileType = file; path = reach_the_end.otf; sourceTree = "<group>"; };
		9B4E1A4122301C9A00ED1D61 /* MapFloatRange.swift */ = {isa = PBXFileReference; lastKnownFileType = sourcecode.swift; path = MapFloatRange.swift; sourceTree = "<group>"; };
		9B7174C42229ACCE00EF5962 /* CustomNavigationController.swift */ = {isa = PBXFileReference; lastKnownFileType = sourcecode.swift; path = CustomNavigationController.swift; sourceTree = "<group>"; };
		9B7174CB2229C7B400EF5962 /* poster_loading.json */ = {isa = PBXFileReference; fileEncoding = 4; lastKnownFileType = text.json; path = poster_loading.json; sourceTree = "<group>"; };
		9B7174D12229D10C00EF5962 /* UIImageExtensions.swift */ = {isa = PBXFileReference; lastKnownFileType = sourcecode.swift; path = UIImageExtensions.swift; sourceTree = "<group>"; };
		9B82E81B221EE0BF00B84486 /* FloatingButton.swift */ = {isa = PBXFileReference; lastKnownFileType = sourcecode.swift; path = FloatingButton.swift; sourceTree = "<group>"; };
		9B82E81E221EE4B700B84486 /* FloatingMenu.xib */ = {isa = PBXFileReference; lastKnownFileType = file.xib; path = FloatingMenu.xib; sourceTree = "<group>"; };
		9B82E822221EE9C500B84486 /* FloatingMenu.swift */ = {isa = PBXFileReference; lastKnownFileType = sourcecode.swift; path = FloatingMenu.swift; sourceTree = "<group>"; };
		9B82E824221F1C6000B84486 /* ViewExtensions.swift */ = {isa = PBXFileReference; lastKnownFileType = sourcecode.swift; path = ViewExtensions.swift; sourceTree = "<group>"; };
		9B8C99E4221B48D900709385 /* MovieDB.app */ = {isa = PBXFileReference; explicitFileType = wrapper.application; includeInIndex = 0; path = MovieDB.app; sourceTree = BUILT_PRODUCTS_DIR; };
		9B8C99E7221B48D900709385 /* AppDelegate.swift */ = {isa = PBXFileReference; lastKnownFileType = sourcecode.swift; path = AppDelegate.swift; sourceTree = "<group>"; };
		9B8C99E9221B48D900709385 /* ViewController.swift */ = {isa = PBXFileReference; lastKnownFileType = sourcecode.swift; path = ViewController.swift; sourceTree = "<group>"; };
		9B8C99EC221B48D900709385 /* Base */ = {isa = PBXFileReference; lastKnownFileType = file.storyboard; name = Base; path = Base.lproj/Main.storyboard; sourceTree = "<group>"; };
		9B8C99EE221B48DA00709385 /* Assets.xcassets */ = {isa = PBXFileReference; lastKnownFileType = folder.assetcatalog; path = Assets.xcassets; sourceTree = "<group>"; };
		9B8C99F1221B48DA00709385 /* Base */ = {isa = PBXFileReference; lastKnownFileType = file.storyboard; name = Base; path = Base.lproj/LaunchScreen.storyboard; sourceTree = "<group>"; };
		9B8C99F3221B48DA00709385 /* Info.plist */ = {isa = PBXFileReference; lastKnownFileType = text.plist.xml; path = Info.plist; sourceTree = "<group>"; };
		9B8C99F8221B48DA00709385 /* MovieDBTests.xctest */ = {isa = PBXFileReference; explicitFileType = wrapper.cfbundle; includeInIndex = 0; path = MovieDBTests.xctest; sourceTree = BUILT_PRODUCTS_DIR; };
		9B8C99FC221B48DA00709385 /* MovieDBTests.swift */ = {isa = PBXFileReference; lastKnownFileType = sourcecode.swift; path = MovieDBTests.swift; sourceTree = "<group>"; };
		9B8C99FE221B48DA00709385 /* Info.plist */ = {isa = PBXFileReference; lastKnownFileType = text.plist.xml; path = Info.plist; sourceTree = "<group>"; };
		9B8C9A03221B48DA00709385 /* MovieDBUITests.xctest */ = {isa = PBXFileReference; explicitFileType = wrapper.cfbundle; includeInIndex = 0; path = MovieDBUITests.xctest; sourceTree = BUILT_PRODUCTS_DIR; };
		9B8C9A07221B48DA00709385 /* MovieDBUITests.swift */ = {isa = PBXFileReference; lastKnownFileType = sourcecode.swift; path = MovieDBUITests.swift; sourceTree = "<group>"; };
		9B8C9A09221B48DA00709385 /* Info.plist */ = {isa = PBXFileReference; lastKnownFileType = text.plist.xml; path = Info.plist; sourceTree = "<group>"; };
		9B8C9A1D221B4D8A00709385 /* MoviesPresenter.swift */ = {isa = PBXFileReference; lastKnownFileType = sourcecode.swift; path = MoviesPresenter.swift; sourceTree = "<group>"; };
		9B8C9A1E221B4D8A00709385 /* MovieServiceImplAlamofire.swift */ = {isa = PBXFileReference; lastKnownFileType = sourcecode.swift; path = MovieServiceImplAlamofire.swift; sourceTree = "<group>"; };
		9B8C9A20221B4D8A00709385 /* MoviesModels.swift */ = {isa = PBXFileReference; lastKnownFileType = sourcecode.swift; path = MoviesModels.swift; sourceTree = "<group>"; };
		9B8C9A21221B4D8A00709385 /* MoviesViewController.swift */ = {isa = PBXFileReference; lastKnownFileType = sourcecode.swift; path = MoviesViewController.swift; sourceTree = "<group>"; };
		9B8C9A22221B4D8A00709385 /* MoviesInteractor.swift */ = {isa = PBXFileReference; lastKnownFileType = sourcecode.swift; path = MoviesInteractor.swift; sourceTree = "<group>"; };
		9B922B19221C9184007E8AE7 /* SingleMovieController.swift */ = {isa = PBXFileReference; lastKnownFileType = sourcecode.swift; path = SingleMovieController.swift; sourceTree = "<group>"; };
		9B9E8A4A223697FE000F96B8 /* MovieServiceUrlCreatorImpl.swift */ = {isa = PBXFileReference; lastKnownFileType = sourcecode.swift; path = MovieServiceUrlCreatorImpl.swift; sourceTree = "<group>"; };
		9B9E8A4C223699FC000F96B8 /* MovieServiceImplAFNet.swift */ = {isa = PBXFileReference; lastKnownFileType = sourcecode.swift; path = MovieServiceImplAFNet.swift; sourceTree = "<group>"; };
		9B9E8A4E22369EEC000F96B8 /* AFNetworking.framework */ = {isa = PBXFileReference; lastKnownFileType = wrapper.framework; name = AFNetworking.framework; path = Carthage/Build/iOS/AFNetworking.framework; sourceTree = "<group>"; };
		9BA4984B221B52A7007B37B3 /* DateExtensions.swift */ = {isa = PBXFileReference; lastKnownFileType = sourcecode.swift; path = DateExtensions.swift; sourceTree = "<group>"; };
		9BA4984E221C4331007B37B3 /* MovieCell.swift */ = {isa = PBXFileReference; lastKnownFileType = sourcecode.swift; path = MovieCell.swift; sourceTree = "<group>"; };
		9BA4C56122258A42004FC90D /* MovieCell.xib */ = {isa = PBXFileReference; lastKnownFileType = file.xib; path = MovieCell.xib; sourceTree = "<group>"; };
		9BA4C5642225AE25004FC90D /* PosterSegue.swift */ = {isa = PBXFileReference; lastKnownFileType = sourcecode.swift; path = PosterSegue.swift; sourceTree = "<group>"; };
		9BCBE3372230444C00D5D759 /* Swinject.framework */ = {isa = PBXFileReference; lastKnownFileType = wrapper.framework; name = Swinject.framework; path = Carthage/Build/iOS/Swinject.framework; sourceTree = "<group>"; };
		9BCBE33C223044DF00D5D759 /* Swinject.swift */ = {isa = PBXFileReference; lastKnownFileType = sourcecode.swift; path = Swinject.swift; sourceTree = "<group>"; };
		9BD19EF92224698000DA094B /* Lottie.framework */ = {isa = PBXFileReference; lastKnownFileType = wrapper.framework; name = Lottie.framework; path = Carthage/Build/iOS/Lottie.framework; sourceTree = "<group>"; };
		9BD19EFE2224732500DA094B /* loading.json */ = {isa = PBXFileReference; fileEncoding = 4; lastKnownFileType = text.json; path = loading.json; sourceTree = "<group>"; };
		9BD28D8E22208BA400B9661A /* SingleMoviePresenter.swift */ = {isa = PBXFileReference; lastKnownFileType = sourcecode.swift; path = SingleMoviePresenter.swift; sourceTree = "<group>"; };
		9BD28D902224192600B9661A /* Movie.swift */ = {isa = PBXFileReference; lastKnownFileType = sourcecode.swift; path = Movie.swift; sourceTree = "<group>"; };
		9BD28D92222423DB00B9661A /* ErrorView.xib */ = {isa = PBXFileReference; lastKnownFileType = file.xib; path = ErrorView.xib; sourceTree = "<group>"; };
		9BD28D942224253800B9661A /* ErrorView.swift */ = {isa = PBXFileReference; lastKnownFileType = sourcecode.swift; path = ErrorView.swift; sourceTree = "<group>"; };
		9BD28D9A22244CC000B9661A /* ButtonExtensions.swift */ = {isa = PBXFileReference; lastKnownFileType = sourcecode.swift; path = ButtonExtensions.swift; sourceTree = "<group>"; };
		9BD28D9C22244DA600B9661A /* RoundShadowButton.swift */ = {isa = PBXFileReference; lastKnownFileType = sourcecode.swift; path = RoundShadowButton.swift; sourceTree = "<group>"; };
		9BD28DA52224633100B9661A /* LoadingView.xib */ = {isa = PBXFileReference; lastKnownFileType = file.xib; path = LoadingView.xib; sourceTree = "<group>"; };
		9BD28DA7222463C400B9661A /* LoadingView.swift */ = {isa = PBXFileReference; lastKnownFileType = sourcecode.swift; path = LoadingView.swift; sourceTree = "<group>"; };
		9BE7BA602228810700CF69CD /* MovieCellInteractor.swift */ = {isa = PBXFileReference; fileEncoding = 4; lastKnownFileType = sourcecode.swift; path = MovieCellInteractor.swift; sourceTree = "<group>"; };
		9BE7BA622228828700CF69CD /* MovieCellPresenter.swift */ = {isa = PBXFileReference; lastKnownFileType = sourcecode.swift; path = MovieCellPresenter.swift; sourceTree = "<group>"; };
/* End PBXFileReference section */

/* Begin PBXFrameworksBuildPhase section */
		9B8C99E1221B48D900709385 /* Frameworks */ = {
			isa = PBXFrameworksBuildPhase;
			buildActionMask = 2147483647;
			files = (
				9B9E8A4F22369EEC000F96B8 /* AFNetworking.framework in Frameworks */,
				78933A5E223497A5003DE75D /* RealmDAO.framework in Frameworks */,
				9B2CDF702232ADB2001C58AD /* XCDYouTubeKit.framework in Frameworks */,
				9B2CDF712232ADB8001C58AD /* XCDYouTubeKit.framework in Frameworks */,
				9B4A4A86222983E800B20399 /* SwiftyBeaver.framework in Frameworks */,
				9BCBE3382230444C00D5D759 /* Swinject.framework in Frameworks */,
				9B4A4A882229861800B20399 /* SwiftyBeaver.framework in Frameworks */,
				9B25C6AA2220443700338D41 /* Realm.framework in Frameworks */,
				78933A5F223497A9003DE75D /* RealmDAO.framework in Frameworks */,
				9B9E8A5022369EEF000F96B8 /* AFNetworking.framework in Frameworks */,
				9BD19EFA2224698300DA094B /* Lottie.framework in Frameworks */,
				9BCBE3392230445700D5D759 /* Swinject.framework in Frameworks */,
				9B25C6A82220442D00338D41 /* Alamofire.framework in Frameworks */,
				9B25C6AC2220444000338D41 /* RealmSwift.framework in Frameworks */,
			);
			runOnlyForDeploymentPostprocessing = 0;
		};
		9B8C99F5221B48DA00709385 /* Frameworks */ = {
			isa = PBXFrameworksBuildPhase;
			buildActionMask = 2147483647;
			files = (
			);
			runOnlyForDeploymentPostprocessing = 0;
		};
		9B8C9A00221B48DA00709385 /* Frameworks */ = {
			isa = PBXFrameworksBuildPhase;
			buildActionMask = 2147483647;
			files = (
			);
			runOnlyForDeploymentPostprocessing = 0;
		};
/* End PBXFrameworksBuildPhase section */

/* Begin PBXGroup section */
		11F3EE02BCE64716DA04C8C2 /* Frameworks */ = {
			isa = PBXGroup;
			children = (
				9B9E8A4E22369EEC000F96B8 /* AFNetworking.framework */,
				78933A5D223497A5003DE75D /* RealmDAO.framework */,
				9B2CDF6F2232ADB2001C58AD /* XCDYouTubeKit.framework */,
				9BCBE3372230444C00D5D759 /* Swinject.framework */,
				9B4A4A85222983E800B20399 /* SwiftyBeaver.framework */,
				9BD19EF92224698000DA094B /* Lottie.framework */,
				9B25C6AB2220444000338D41 /* RealmSwift.framework */,
				9B25C6A92220443700338D41 /* Realm.framework */,
				9B25C6A72220442D00338D41 /* Alamofire.framework */,
			);
			name = Frameworks;
			sourceTree = "<group>";
		};
		9B4A4A8C22298C0A00B20399 /* Fonts */ = {
			isa = PBXGroup;
			children = (
				9B4A4A8D22298C1F00B20399 /* reach_the_end.otf */,
			);
			path = Fonts;
			sourceTree = "<group>";
		};
		9B82E81A221EE0A700B84486 /* CustomViews */ = {
			isa = PBXGroup;
			children = (
				9B82E81B221EE0BF00B84486 /* FloatingButton.swift */,
				9B82E822221EE9C500B84486 /* FloatingMenu.swift */,
				9BD28D942224253800B9661A /* ErrorView.swift */,
				9BD28D9C22244DA600B9661A /* RoundShadowButton.swift */,
				9BD28DA7222463C400B9661A /* LoadingView.swift */,
			);
			path = CustomViews;
			sourceTree = "<group>";
		};
		9B82E81D221EE49700B84486 /* Xibs */ = {
			isa = PBXGroup;
			children = (
				9B82E81E221EE4B700B84486 /* FloatingMenu.xib */,
				9BD28D92222423DB00B9661A /* ErrorView.xib */,
				9BD28DA52224633100B9661A /* LoadingView.xib */,
			);
			path = Xibs;
			sourceTree = "<group>";
		};
		9B8C99DB221B48D900709385 = {
			isa = PBXGroup;
			children = (
				9B25C6B2222044D700338D41 /* RealmSwift.framework */,
				9B25C6B0222044D200338D41 /* Realm.framework */,
				9B25C6AE222044CC00338D41 /* Alamofire.framework */,
				9B8C99E6221B48D900709385 /* MovieDB */,
				9B8C99FB221B48DA00709385 /* MovieDBTests */,
				9B8C9A06221B48DA00709385 /* MovieDBUITests */,
				9B8C99E5221B48D900709385 /* Products */,
				11F3EE02BCE64716DA04C8C2 /* Frameworks */,
			);
			sourceTree = "<group>";
		};
		9B8C99E5221B48D900709385 /* Products */ = {
			isa = PBXGroup;
			children = (
				9B8C99E4221B48D900709385 /* MovieDB.app */,
				9B8C99F8221B48DA00709385 /* MovieDBTests.xctest */,
				9B8C9A03221B48DA00709385 /* MovieDBUITests.xctest */,
			);
			name = Products;
			sourceTree = "<group>";
		};
		9B8C99E6221B48D900709385 /* MovieDB */ = {
			isa = PBXGroup;
			children = (
				9BCBE33C223044DF00D5D759 /* Swinject.swift */,
				9B2CDF732232B9B5001C58AD /* RealMigrations.swift */,
				9B4A4A8C22298C0A00B20399 /* Fonts */,
				9BA4C5632225AE06004FC90D /* Segues */,
				9BD28DA2222462B600B9661A /* Lotties */,
				9B82E81D221EE49700B84486 /* Xibs */,
				9B82E81A221EE0A700B84486 /* CustomViews */,
				9BA4984D221C4323007B37B3 /* Cells */,
				9BA4984A221B5294007B37B3 /* Extensions */,
				9B8C9A1C221B4D5E00709385 /* Presenters */,
				9B8C9A1A221B4D4300709385 /* Services */,
				9B8C9A19221B4D3C00709385 /* Models */,
				9B8C9A18221B4D3600709385 /* Interactors */,
				9B8C9A16221B4D1A00709385 /* Controllers */,
				9B8C9A15221B4D0E00709385 /* Storyboards */,
				9B8C99E7221B48D900709385 /* AppDelegate.swift */,
				9B8C99EE221B48DA00709385 /* Assets.xcassets */,
				9B8C99F3221B48DA00709385 /* Info.plist */,
			);
			path = MovieDB;
			sourceTree = "<group>";
		};
		9B8C99FB221B48DA00709385 /* MovieDBTests */ = {
			isa = PBXGroup;
			children = (
				9B8C99FC221B48DA00709385 /* MovieDBTests.swift */,
				9B8C99FE221B48DA00709385 /* Info.plist */,
			);
			path = MovieDBTests;
			sourceTree = "<group>";
		};
		9B8C9A06221B48DA00709385 /* MovieDBUITests */ = {
			isa = PBXGroup;
			children = (
				9B8C9A07221B48DA00709385 /* MovieDBUITests.swift */,
				9B8C9A09221B48DA00709385 /* Info.plist */,
			);
			path = MovieDBUITests;
			sourceTree = "<group>";
		};
		9B8C9A15221B4D0E00709385 /* Storyboards */ = {
			isa = PBXGroup;
			children = (
				9B8C99F0221B48DA00709385 /* LaunchScreen.storyboard */,
				9B8C99EB221B48D900709385 /* Main.storyboard */,
			);
			path = Storyboards;
			sourceTree = "<group>";
		};
		9B8C9A16221B4D1A00709385 /* Controllers */ = {
			isa = PBXGroup;
			children = (
				9B8C99E9221B48D900709385 /* ViewController.swift */,
				9B8C9A21221B4D8A00709385 /* MoviesViewController.swift */,
				9B922B19221C9184007E8AE7 /* SingleMovieController.swift */,
				9B7174C42229ACCE00EF5962 /* CustomNavigationController.swift */,
			);
			path = Controllers;
			sourceTree = "<group>";
		};
		9B8C9A18221B4D3600709385 /* Interactors */ = {
			isa = PBXGroup;
			children = (
				9BE7BA602228810700CF69CD /* MovieCellInteractor.swift */,
				9B8C9A22221B4D8A00709385 /* MoviesInteractor.swift */,
				9B25C6BF222088C200338D41 /* SingleMovieInteractor.swift */,
			);
			path = Interactors;
			sourceTree = "<group>";
		};
		9B8C9A19221B4D3C00709385 /* Models */ = {
			isa = PBXGroup;
			children = (
				9B8C9A20221B4D8A00709385 /* MoviesModels.swift */,
				9BD28D902224192600B9661A /* Movie.swift */,
			);
			path = Models;
			sourceTree = "<group>";
		};
		9B8C9A1A221B4D4300709385 /* Services */ = {
			isa = PBXGroup;
			children = (
				7880A8572234B21A00EA0503 /* MovieServiceProtocol.swift */,
				9B9E8A4A223697FE000F96B8 /* MovieServiceUrlCreatorImpl.swift */,
				9B8C9A1E221B4D8A00709385 /* MovieServiceImplAlamofire.swift */,
				9B9E8A4C223699FC000F96B8 /* MovieServiceImplAFNet.swift */,
			);
			path = Services;
			sourceTree = "<group>";
		};
		9B8C9A1C221B4D5E00709385 /* Presenters */ = {
			isa = PBXGroup;
			children = (
				9B8C9A1D221B4D8A00709385 /* MoviesPresenter.swift */,
				9BD28D8E22208BA400B9661A /* SingleMoviePresenter.swift */,
				9BE7BA622228828700CF69CD /* MovieCellPresenter.swift */,
			);
			path = Presenters;
			sourceTree = "<group>";
		};
		9BA4984A221B5294007B37B3 /* Extensions */ = {
			isa = PBXGroup;
			children = (
				9BA4984B221B52A7007B37B3 /* DateExtensions.swift */,
				9B82E824221F1C6000B84486 /* ViewExtensions.swift */,
				9BD28D9A22244CC000B9661A /* ButtonExtensions.swift */,
				9B4A4A8A2229892800B20399 /* SwiftyBeaverExtensions.swift */,
				9B7174D12229D10C00EF5962 /* UIImageExtensions.swift */,
				78FCBF85222DB8F00096D1D7 /* UIImageCacheExtensions.swift */,
				9B4E1A4122301C9A00ED1D61 /* MapFloatRange.swift */,
			);
			path = Extensions;
			sourceTree = "<group>";
		};
		9BA4984D221C4323007B37B3 /* Cells */ = {
			isa = PBXGroup;
			children = (
				9BA4984E221C4331007B37B3 /* MovieCell.swift */,
				9BA4C56122258A42004FC90D /* MovieCell.xib */,
			);
			path = Cells;
			sourceTree = "<group>";
		};
		9BA4C5632225AE06004FC90D /* Segues */ = {
			isa = PBXGroup;
			children = (
				9BA4C5642225AE25004FC90D /* PosterSegue.swift */,
			);
			path = Segues;
			sourceTree = "<group>";
		};
		9BD28DA2222462B600B9661A /* Lotties */ = {
			isa = PBXGroup;
			children = (
				9B7174CB2229C7B400EF5962 /* poster_loading.json */,
				9BD19EFE2224732500DA094B /* loading.json */,
			);
			path = Lotties;
			sourceTree = "<group>";
		};
/* End PBXGroup section */

/* Begin PBXNativeTarget section */
		9B8C99E3221B48D900709385 /* MovieDB */ = {
			isa = PBXNativeTarget;
			buildConfigurationList = 9B8C9A0C221B48DA00709385 /* Build configuration list for PBXNativeTarget "MovieDB" */;
			buildPhases = (
				9BCF326C221C83D7004CAB8A /* ShellScript */,
				9B8C99E0221B48D900709385 /* Sources */,
				9B8C99E1221B48D900709385 /* Frameworks */,
				9B8C99E2221B48D900709385 /* Resources */,
				9B25C6AD222044AC00338D41 /* CopyFiles */,
			);
			buildRules = (
			);
			dependencies = (
			);
			name = MovieDB;
			productName = MovieDB;
			productReference = 9B8C99E4221B48D900709385 /* MovieDB.app */;
			productType = "com.apple.product-type.application";
		};
		9B8C99F7221B48DA00709385 /* MovieDBTests */ = {
			isa = PBXNativeTarget;
			buildConfigurationList = 9B8C9A0F221B48DA00709385 /* Build configuration list for PBXNativeTarget "MovieDBTests" */;
			buildPhases = (
				CCC13CB4F1FA7068911978C5 /* [CP] Check Pods Manifest.lock */,
				9B8C99F4221B48DA00709385 /* Sources */,
				9B8C99F5221B48DA00709385 /* Frameworks */,
				9B8C99F6221B48DA00709385 /* Resources */,
			);
			buildRules = (
			);
			dependencies = (
				9B8C99FA221B48DA00709385 /* PBXTargetDependency */,
			);
			name = MovieDBTests;
			productName = MovieDBTests;
			productReference = 9B8C99F8221B48DA00709385 /* MovieDBTests.xctest */;
			productType = "com.apple.product-type.bundle.unit-test";
		};
		9B8C9A02221B48DA00709385 /* MovieDBUITests */ = {
			isa = PBXNativeTarget;
			buildConfigurationList = 9B8C9A12221B48DA00709385 /* Build configuration list for PBXNativeTarget "MovieDBUITests" */;
			buildPhases = (
				D6DE94615FD5BA1B79EFEB39 /* [CP] Check Pods Manifest.lock */,
				9B8C99FF221B48DA00709385 /* Sources */,
				9B8C9A00221B48DA00709385 /* Frameworks */,
				9B8C9A01221B48DA00709385 /* Resources */,
			);
			buildRules = (
			);
			dependencies = (
				9B8C9A05221B48DA00709385 /* PBXTargetDependency */,
			);
			name = MovieDBUITests;
			productName = MovieDBUITests;
			productReference = 9B8C9A03221B48DA00709385 /* MovieDBUITests.xctest */;
			productType = "com.apple.product-type.bundle.ui-testing";
		};
/* End PBXNativeTarget section */

/* Begin PBXProject section */
		9B8C99DC221B48D900709385 /* Project object */ = {
			isa = PBXProject;
			attributes = {
				LastSwiftUpdateCheck = 1000;
				LastUpgradeCheck = 1000;
				ORGANIZATIONNAME = "Igor Andruskiewitsch";
				TargetAttributes = {
					9B8C99E3221B48D900709385 = {
						CreatedOnToolsVersion = 10.0;
					};
					9B8C99F7221B48DA00709385 = {
						CreatedOnToolsVersion = 10.0;
						TestTargetID = 9B8C99E3221B48D900709385;
					};
					9B8C9A02221B48DA00709385 = {
						CreatedOnToolsVersion = 10.0;
						TestTargetID = 9B8C99E3221B48D900709385;
					};
				};
			};
			buildConfigurationList = 9B8C99DF221B48D900709385 /* Build configuration list for PBXProject "MovieDB" */;
			compatibilityVersion = "Xcode 9.3";
			developmentRegion = en;
			hasScannedForEncodings = 0;
			knownRegions = (
				en,
				Base,
			);
			mainGroup = 9B8C99DB221B48D900709385;
			productRefGroup = 9B8C99E5221B48D900709385 /* Products */;
			projectDirPath = "";
			projectRoot = "";
			targets = (
				9B8C99E3221B48D900709385 /* MovieDB */,
				9B8C99F7221B48DA00709385 /* MovieDBTests */,
				9B8C9A02221B48DA00709385 /* MovieDBUITests */,
			);
		};
/* End PBXProject section */

/* Begin PBXResourcesBuildPhase section */
		9B8C99E2221B48D900709385 /* Resources */ = {
			isa = PBXResourcesBuildPhase;
			buildActionMask = 2147483647;
			files = (
				9B8C99F2221B48DA00709385 /* LaunchScreen.storyboard in Resources */,
				9B8C99EF221B48DA00709385 /* Assets.xcassets in Resources */,
				9B4A4A8E22298C3500B20399 /* reach_the_end.otf in Resources */,
				9B7174CC2229C7B400EF5962 /* poster_loading.json in Resources */,
				9B8C99ED221B48D900709385 /* Main.storyboard in Resources */,
				9BD28DA62224633100B9661A /* LoadingView.xib in Resources */,
				9BD19EFF2224732500DA094B /* loading.json in Resources */,
				9B82E81F221EE4B700B84486 /* FloatingMenu.xib in Resources */,
				9BA4C56222258A43004FC90D /* MovieCell.xib in Resources */,
				9BD28D93222423DB00B9661A /* ErrorView.xib in Resources */,
			);
			runOnlyForDeploymentPostprocessing = 0;
		};
		9B8C99F6221B48DA00709385 /* Resources */ = {
			isa = PBXResourcesBuildPhase;
			buildActionMask = 2147483647;
			files = (
			);
			runOnlyForDeploymentPostprocessing = 0;
		};
		9B8C9A01221B48DA00709385 /* Resources */ = {
			isa = PBXResourcesBuildPhase;
			buildActionMask = 2147483647;
			files = (
			);
			runOnlyForDeploymentPostprocessing = 0;
		};
/* End PBXResourcesBuildPhase section */

/* Begin PBXShellScriptBuildPhase section */
		9BCF326C221C83D7004CAB8A /* ShellScript */ = {
			isa = PBXShellScriptBuildPhase;
			buildActionMask = 2147483647;
			files = (
			);
			inputFileListPaths = (
			);
			inputPaths = (
			);
			outputFileListPaths = (
			);
			outputPaths = (
			);
			runOnlyForDeploymentPostprocessing = 0;
			shellPath = /bin/sh;
			shellScript = "TAGS=\"TODO:|FIXME:\"\nERRORTAG=\"ERROR:\"\nfind \"${SRCROOT}\" \\( -name \"*.h\" -or -name \"*.m\" -or -name \"*.swift\" -type f\\) -print0 | xargs -0 egrep --with-filename --line-number --only-matching \"($TAGS).*\\$|($ERRORTAG).*\\$\" | perl -p -e \"s/($TAGS)/ warning: \\$1/\" | perl -p -e \"s/($ERRORTAG)/ error: \\$1/\"\n";
		};
		CCC13CB4F1FA7068911978C5 /* [CP] Check Pods Manifest.lock */ = {
			isa = PBXShellScriptBuildPhase;
			buildActionMask = 2147483647;
			files = (
			);
			inputFileListPaths = (
			);
			inputPaths = (
				"${PODS_PODFILE_DIR_PATH}/Podfile.lock",
				"${PODS_ROOT}/Manifest.lock",
			);
			name = "[CP] Check Pods Manifest.lock";
			outputFileListPaths = (
			);
			outputPaths = (
				"$(DERIVED_FILE_DIR)/Pods-MovieDBTests-checkManifestLockResult.txt",
			);
			runOnlyForDeploymentPostprocessing = 0;
			shellPath = /bin/sh;
			shellScript = "diff \"${PODS_PODFILE_DIR_PATH}/Podfile.lock\" \"${PODS_ROOT}/Manifest.lock\" > /dev/null\nif [ $? != 0 ] ; then\n    # print error to STDERR\n    echo \"error: The sandbox is not in sync with the Podfile.lock. Run 'pod install' or update your CocoaPods installation.\" >&2\n    exit 1\nfi\n# This output is used by Xcode 'outputs' to avoid re-running this script phase.\necho \"SUCCESS\" > \"${SCRIPT_OUTPUT_FILE_0}\"\n";
			showEnvVarsInLog = 0;
		};
		D6DE94615FD5BA1B79EFEB39 /* [CP] Check Pods Manifest.lock */ = {
			isa = PBXShellScriptBuildPhase;
			buildActionMask = 2147483647;
			files = (
			);
			inputFileListPaths = (
			);
			inputPaths = (
				"${PODS_PODFILE_DIR_PATH}/Podfile.lock",
				"${PODS_ROOT}/Manifest.lock",
			);
			name = "[CP] Check Pods Manifest.lock";
			outputFileListPaths = (
			);
			outputPaths = (
				"$(DERIVED_FILE_DIR)/Pods-MovieDBUITests-checkManifestLockResult.txt",
			);
			runOnlyForDeploymentPostprocessing = 0;
			shellPath = /bin/sh;
			shellScript = "diff \"${PODS_PODFILE_DIR_PATH}/Podfile.lock\" \"${PODS_ROOT}/Manifest.lock\" > /dev/null\nif [ $? != 0 ] ; then\n    # print error to STDERR\n    echo \"error: The sandbox is not in sync with the Podfile.lock. Run 'pod install' or update your CocoaPods installation.\" >&2\n    exit 1\nfi\n# This output is used by Xcode 'outputs' to avoid re-running this script phase.\necho \"SUCCESS\" > \"${SCRIPT_OUTPUT_FILE_0}\"\n";
			showEnvVarsInLog = 0;
		};
/* End PBXShellScriptBuildPhase section */

/* Begin PBXSourcesBuildPhase section */
		9B8C99E0221B48D900709385 /* Sources */ = {
			isa = PBXSourcesBuildPhase;
			buildActionMask = 2147483647;
			files = (
				9B8C99EA221B48D900709385 /* ViewController.swift in Sources */,
				9B8C9A26221B4D8A00709385 /* MoviesModels.swift in Sources */,
				9B9E8A4B223697FE000F96B8 /* MovieServiceUrlCreatorImpl.swift in Sources */,
				9BD28D952224253800B9661A /* ErrorView.swift in Sources */,
				9BD28DA8222463C400B9661A /* LoadingView.swift in Sources */,
				9B4E1A4222301C9A00ED1D61 /* MapFloatRange.swift in Sources */,
				9BD28D912224192600B9661A /* Movie.swift in Sources */,
				9B82E81C221EE0BF00B84486 /* FloatingButton.swift in Sources */,
				9B25C6C0222088C200338D41 /* SingleMovieInteractor.swift in Sources */,
				9B9E8A4D223699FC000F96B8 /* MovieServiceImplAFNet.swift in Sources */,
				9BE7BA612228810700CF69CD /* MovieCellInteractor.swift in Sources */,
				9B8C99E8221B48D900709385 /* AppDelegate.swift in Sources */,
				9B922B1A221C9184007E8AE7 /* SingleMovieController.swift in Sources */,
				9BD28D9B22244CC000B9661A /* ButtonExtensions.swift in Sources */,
				7880A8582234B21A00EA0503 /* MovieServiceProtocol.swift in Sources */,
				78FCBF86222DB8F00096D1D7 /* UIImageCacheExtensions.swift in Sources */,
				9B8C9A24221B4D8A00709385 /* MovieServiceImplAlamofire.swift in Sources */,
				9BA4C5652225AE25004FC90D /* PosterSegue.swift in Sources */,
				9B2CDF742232B9B5001C58AD /* RealMigrations.swift in Sources */,
				9B82E823221EE9C500B84486 /* FloatingMenu.swift in Sources */,
				9BD28D9D22244DA600B9661A /* RoundShadowButton.swift in Sources */,
				9B82E825221F1C6000B84486 /* ViewExtensions.swift in Sources */,
				9BA4984C221B52A7007B37B3 /* DateExtensions.swift in Sources */,
				9B8C9A27221B4D8A00709385 /* MoviesViewController.swift in Sources */,
				9BCBE33D223044DF00D5D759 /* Swinject.swift in Sources */,
				9B7174C52229ACCE00EF5962 /* CustomNavigationController.swift in Sources */,
				9B4A4A8B2229892800B20399 /* SwiftyBeaverExtensions.swift in Sources */,
				9B8C9A23221B4D8A00709385 /* MoviesPresenter.swift in Sources */,
				9B7174D22229D10C00EF5962 /* UIImageExtensions.swift in Sources */,
				9BA4984F221C4331007B37B3 /* MovieCell.swift in Sources */,
				9B8C9A28221B4D8A00709385 /* MoviesInteractor.swift in Sources */,
				9BE7BA632228828700CF69CD /* MovieCellPresenter.swift in Sources */,
				9BD28D8F22208BA400B9661A /* SingleMoviePresenter.swift in Sources */,
			);
			runOnlyForDeploymentPostprocessing = 0;
		};
		9B8C99F4221B48DA00709385 /* Sources */ = {
			isa = PBXSourcesBuildPhase;
			buildActionMask = 2147483647;
			files = (
				9B8C99FD221B48DA00709385 /* MovieDBTests.swift in Sources */,
			);
			runOnlyForDeploymentPostprocessing = 0;
		};
		9B8C99FF221B48DA00709385 /* Sources */ = {
			isa = PBXSourcesBuildPhase;
			buildActionMask = 2147483647;
			files = (
				9B8C9A08221B48DA00709385 /* MovieDBUITests.swift in Sources */,
			);
			runOnlyForDeploymentPostprocessing = 0;
		};
/* End PBXSourcesBuildPhase section */

/* Begin PBXTargetDependency section */
		9B8C99FA221B48DA00709385 /* PBXTargetDependency */ = {
			isa = PBXTargetDependency;
			target = 9B8C99E3221B48D900709385 /* MovieDB */;
			targetProxy = 9B8C99F9221B48DA00709385 /* PBXContainerItemProxy */;
		};
		9B8C9A05221B48DA00709385 /* PBXTargetDependency */ = {
			isa = PBXTargetDependency;
			target = 9B8C99E3221B48D900709385 /* MovieDB */;
			targetProxy = 9B8C9A04221B48DA00709385 /* PBXContainerItemProxy */;
		};
/* End PBXTargetDependency section */

/* Begin PBXVariantGroup section */
		9B8C99EB221B48D900709385 /* Main.storyboard */ = {
			isa = PBXVariantGroup;
			children = (
				9B8C99EC221B48D900709385 /* Base */,
			);
			name = Main.storyboard;
			sourceTree = "<group>";
		};
		9B8C99F0221B48DA00709385 /* LaunchScreen.storyboard */ = {
			isa = PBXVariantGroup;
			children = (
				9B8C99F1221B48DA00709385 /* Base */,
			);
			name = LaunchScreen.storyboard;
			sourceTree = "<group>";
		};
/* End PBXVariantGroup section */

/* Begin XCBuildConfiguration section */
		9B8C9A0A221B48DA00709385 /* Debug */ = {
			isa = XCBuildConfiguration;
			buildSettings = {
				ALWAYS_SEARCH_USER_PATHS = NO;
				CLANG_ANALYZER_NONNULL = YES;
				CLANG_ANALYZER_NUMBER_OBJECT_CONVERSION = YES_AGGRESSIVE;
				CLANG_CXX_LANGUAGE_STANDARD = "gnu++14";
				CLANG_CXX_LIBRARY = "libc++";
				CLANG_ENABLE_MODULES = YES;
				CLANG_ENABLE_OBJC_ARC = YES;
				CLANG_ENABLE_OBJC_WEAK = YES;
				CLANG_WARN_BLOCK_CAPTURE_AUTORELEASING = YES;
				CLANG_WARN_BOOL_CONVERSION = YES;
				CLANG_WARN_COMMA = YES;
				CLANG_WARN_CONSTANT_CONVERSION = YES;
				CLANG_WARN_DEPRECATED_OBJC_IMPLEMENTATIONS = YES;
				CLANG_WARN_DIRECT_OBJC_ISA_USAGE = YES_ERROR;
				CLANG_WARN_DOCUMENTATION_COMMENTS = YES;
				CLANG_WARN_EMPTY_BODY = YES;
				CLANG_WARN_ENUM_CONVERSION = YES;
				CLANG_WARN_INFINITE_RECURSION = YES;
				CLANG_WARN_INT_CONVERSION = YES;
				CLANG_WARN_NON_LITERAL_NULL_CONVERSION = YES;
				CLANG_WARN_OBJC_IMPLICIT_RETAIN_SELF = YES;
				CLANG_WARN_OBJC_LITERAL_CONVERSION = YES;
				CLANG_WARN_OBJC_ROOT_CLASS = YES_ERROR;
				CLANG_WARN_RANGE_LOOP_ANALYSIS = YES;
				CLANG_WARN_STRICT_PROTOTYPES = YES;
				CLANG_WARN_SUSPICIOUS_MOVE = YES;
				CLANG_WARN_UNGUARDED_AVAILABILITY = YES_AGGRESSIVE;
				CLANG_WARN_UNREACHABLE_CODE = YES;
				CLANG_WARN__DUPLICATE_METHOD_MATCH = YES;
				CODE_SIGN_IDENTITY = "iPhone Developer";
				COPY_PHASE_STRIP = NO;
				DEBUG_INFORMATION_FORMAT = dwarf;
				ENABLE_STRICT_OBJC_MSGSEND = YES;
				ENABLE_TESTABILITY = YES;
				GCC_C_LANGUAGE_STANDARD = gnu11;
				GCC_DYNAMIC_NO_PIC = NO;
				GCC_NO_COMMON_BLOCKS = YES;
				GCC_OPTIMIZATION_LEVEL = 0;
				GCC_PREPROCESSOR_DEFINITIONS = (
					"DEBUG=1",
					"$(inherited)",
				);
				GCC_WARN_64_TO_32_BIT_CONVERSION = YES;
				GCC_WARN_ABOUT_RETURN_TYPE = YES_ERROR;
				GCC_WARN_UNDECLARED_SELECTOR = YES;
				GCC_WARN_UNINITIALIZED_AUTOS = YES_AGGRESSIVE;
				GCC_WARN_UNUSED_FUNCTION = YES;
				GCC_WARN_UNUSED_VARIABLE = YES;
				IPHONEOS_DEPLOYMENT_TARGET = 12.0;
				MTL_ENABLE_DEBUG_INFO = INCLUDE_SOURCE;
				MTL_FAST_MATH = YES;
				ONLY_ACTIVE_ARCH = YES;
				SDKROOT = iphoneos;
				SWIFT_ACTIVE_COMPILATION_CONDITIONS = DEBUG;
				SWIFT_OPTIMIZATION_LEVEL = "-Onone";
			};
			name = Debug;
		};
		9B8C9A0B221B48DA00709385 /* Release */ = {
			isa = XCBuildConfiguration;
			buildSettings = {
				ALWAYS_SEARCH_USER_PATHS = NO;
				CLANG_ANALYZER_NONNULL = YES;
				CLANG_ANALYZER_NUMBER_OBJECT_CONVERSION = YES_AGGRESSIVE;
				CLANG_CXX_LANGUAGE_STANDARD = "gnu++14";
				CLANG_CXX_LIBRARY = "libc++";
				CLANG_ENABLE_MODULES = YES;
				CLANG_ENABLE_OBJC_ARC = YES;
				CLANG_ENABLE_OBJC_WEAK = YES;
				CLANG_WARN_BLOCK_CAPTURE_AUTORELEASING = YES;
				CLANG_WARN_BOOL_CONVERSION = YES;
				CLANG_WARN_COMMA = YES;
				CLANG_WARN_CONSTANT_CONVERSION = YES;
				CLANG_WARN_DEPRECATED_OBJC_IMPLEMENTATIONS = YES;
				CLANG_WARN_DIRECT_OBJC_ISA_USAGE = YES_ERROR;
				CLANG_WARN_DOCUMENTATION_COMMENTS = YES;
				CLANG_WARN_EMPTY_BODY = YES;
				CLANG_WARN_ENUM_CONVERSION = YES;
				CLANG_WARN_INFINITE_RECURSION = YES;
				CLANG_WARN_INT_CONVERSION = YES;
				CLANG_WARN_NON_LITERAL_NULL_CONVERSION = YES;
				CLANG_WARN_OBJC_IMPLICIT_RETAIN_SELF = YES;
				CLANG_WARN_OBJC_LITERAL_CONVERSION = YES;
				CLANG_WARN_OBJC_ROOT_CLASS = YES_ERROR;
				CLANG_WARN_RANGE_LOOP_ANALYSIS = YES;
				CLANG_WARN_STRICT_PROTOTYPES = YES;
				CLANG_WARN_SUSPICIOUS_MOVE = YES;
				CLANG_WARN_UNGUARDED_AVAILABILITY = YES_AGGRESSIVE;
				CLANG_WARN_UNREACHABLE_CODE = YES;
				CLANG_WARN__DUPLICATE_METHOD_MATCH = YES;
				CODE_SIGN_IDENTITY = "iPhone Developer";
				COPY_PHASE_STRIP = NO;
				DEBUG_INFORMATION_FORMAT = "dwarf-with-dsym";
				ENABLE_NS_ASSERTIONS = NO;
				ENABLE_STRICT_OBJC_MSGSEND = YES;
				GCC_C_LANGUAGE_STANDARD = gnu11;
				GCC_NO_COMMON_BLOCKS = YES;
				GCC_WARN_64_TO_32_BIT_CONVERSION = YES;
				GCC_WARN_ABOUT_RETURN_TYPE = YES_ERROR;
				GCC_WARN_UNDECLARED_SELECTOR = YES;
				GCC_WARN_UNINITIALIZED_AUTOS = YES_AGGRESSIVE;
				GCC_WARN_UNUSED_FUNCTION = YES;
				GCC_WARN_UNUSED_VARIABLE = YES;
				IPHONEOS_DEPLOYMENT_TARGET = 12.0;
				MTL_ENABLE_DEBUG_INFO = NO;
				MTL_FAST_MATH = YES;
				SDKROOT = iphoneos;
				SWIFT_COMPILATION_MODE = wholemodule;
				SWIFT_OPTIMIZATION_LEVEL = "-O";
				VALIDATE_PRODUCT = YES;
			};
			name = Release;
		};
		9B8C9A0D221B48DA00709385 /* Debug */ = {
			isa = XCBuildConfiguration;
			buildSettings = {
				ASSETCATALOG_COMPILER_APPICON_NAME = AppIcon;
				CODE_SIGN_STYLE = Automatic;
				DEVELOPMENT_TEAM = V67S6WRV9Z;
				FRAMEWORK_SEARCH_PATHS = (
					"$(inherited)",
					"$(PROJECT_DIR)/Carthage/Build/iOS",
				);
				INFOPLIST_FILE = MovieDB/Info.plist;
				LD_RUNPATH_SEARCH_PATHS = (
					"$(inherited)",
					"@executable_path/Frameworks",
				);
				PRODUCT_BUNDLE_IDENTIFIER = test.globant.MovieDB;
				PRODUCT_NAME = "$(TARGET_NAME)";
				SWIFT_VERSION = 4.2;
				TARGETED_DEVICE_FAMILY = "1,2";
			};
			name = Debug;
		};
		9B8C9A0E221B48DA00709385 /* Release */ = {
			isa = XCBuildConfiguration;
			buildSettings = {
				ASSETCATALOG_COMPILER_APPICON_NAME = AppIcon;
				CODE_SIGN_STYLE = Automatic;
				DEVELOPMENT_TEAM = V67S6WRV9Z;
				FRAMEWORK_SEARCH_PATHS = (
					"$(inherited)",
					"$(PROJECT_DIR)/Carthage/Build/iOS",
				);
				INFOPLIST_FILE = MovieDB/Info.plist;
				LD_RUNPATH_SEARCH_PATHS = (
					"$(inherited)",
					"@executable_path/Frameworks",
				);
				PRODUCT_BUNDLE_IDENTIFIER = test.globant.MovieDB;
				PRODUCT_NAME = "$(TARGET_NAME)";
				SWIFT_VERSION = 4.2;
				TARGETED_DEVICE_FAMILY = "1,2";
			};
			name = Release;
		};
		9B8C9A10221B48DA00709385 /* Debug */ = {
			isa = XCBuildConfiguration;
			buildSettings = {
				ALWAYS_EMBED_SWIFT_STANDARD_LIBRARIES = YES;
				BUNDLE_LOADER = "$(TEST_HOST)";
				CODE_SIGN_STYLE = Automatic;
				INFOPLIST_FILE = MovieDBTests/Info.plist;
				LD_RUNPATH_SEARCH_PATHS = (
					"$(inherited)",
					"@executable_path/Frameworks",
					"@loader_path/Frameworks",
				);
				PRODUCT_BUNDLE_IDENTIFIER = test.globant.MovieDBTests;
				PRODUCT_NAME = "$(TARGET_NAME)";
				SWIFT_VERSION = 4.2;
				TARGETED_DEVICE_FAMILY = "1,2";
				TEST_HOST = "$(BUILT_PRODUCTS_DIR)/MovieDB.app/MovieDB";
			};
			name = Debug;
		};
		9B8C9A11221B48DA00709385 /* Release */ = {
			isa = XCBuildConfiguration;
			buildSettings = {
				ALWAYS_EMBED_SWIFT_STANDARD_LIBRARIES = YES;
				BUNDLE_LOADER = "$(TEST_HOST)";
				CODE_SIGN_STYLE = Automatic;
				INFOPLIST_FILE = MovieDBTests/Info.plist;
				LD_RUNPATH_SEARCH_PATHS = (
					"$(inherited)",
					"@executable_path/Frameworks",
					"@loader_path/Frameworks",
				);
				PRODUCT_BUNDLE_IDENTIFIER = test.globant.MovieDBTests;
				PRODUCT_NAME = "$(TARGET_NAME)";
				SWIFT_VERSION = 4.2;
				TARGETED_DEVICE_FAMILY = "1,2";
				TEST_HOST = "$(BUILT_PRODUCTS_DIR)/MovieDB.app/MovieDB";
			};
			name = Release;
		};
		9B8C9A13221B48DA00709385 /* Debug */ = {
			isa = XCBuildConfiguration;
			buildSettings = {
				ALWAYS_EMBED_SWIFT_STANDARD_LIBRARIES = YES;
				CODE_SIGN_STYLE = Automatic;
				INFOPLIST_FILE = MovieDBUITests/Info.plist;
				LD_RUNPATH_SEARCH_PATHS = (
					"$(inherited)",
					"@executable_path/Frameworks",
					"@loader_path/Frameworks",
				);
				PRODUCT_BUNDLE_IDENTIFIER = test.globant.MovieDBUITests;
				PRODUCT_NAME = "$(TARGET_NAME)";
				SWIFT_VERSION = 4.2;
				TARGETED_DEVICE_FAMILY = "1,2";
				TEST_TARGET_NAME = MovieDB;
			};
			name = Debug;
		};
		9B8C9A14221B48DA00709385 /* Release */ = {
			isa = XCBuildConfiguration;
			buildSettings = {
				ALWAYS_EMBED_SWIFT_STANDARD_LIBRARIES = YES;
				CODE_SIGN_STYLE = Automatic;
				INFOPLIST_FILE = MovieDBUITests/Info.plist;
				LD_RUNPATH_SEARCH_PATHS = (
					"$(inherited)",
					"@executable_path/Frameworks",
					"@loader_path/Frameworks",
				);
				PRODUCT_BUNDLE_IDENTIFIER = test.globant.MovieDBUITests;
				PRODUCT_NAME = "$(TARGET_NAME)";
				SWIFT_VERSION = 4.2;
				TARGETED_DEVICE_FAMILY = "1,2";
				TEST_TARGET_NAME = MovieDB;
			};
			name = Release;
		};
/* End XCBuildConfiguration section */

/* Begin XCConfigurationList section */
		9B8C99DF221B48D900709385 /* Build configuration list for PBXProject "MovieDB" */ = {
			isa = XCConfigurationList;
			buildConfigurations = (
				9B8C9A0A221B48DA00709385 /* Debug */,
				9B8C9A0B221B48DA00709385 /* Release */,
			);
			defaultConfigurationIsVisible = 0;
			defaultConfigurationName = Release;
		};
		9B8C9A0C221B48DA00709385 /* Build configuration list for PBXNativeTarget "MovieDB" */ = {
			isa = XCConfigurationList;
			buildConfigurations = (
				9B8C9A0D221B48DA00709385 /* Debug */,
				9B8C9A0E221B48DA00709385 /* Release */,
			);
			defaultConfigurationIsVisible = 0;
			defaultConfigurationName = Release;
		};
		9B8C9A0F221B48DA00709385 /* Build configuration list for PBXNativeTarget "MovieDBTests" */ = {
			isa = XCConfigurationList;
			buildConfigurations = (
				9B8C9A10221B48DA00709385 /* Debug */,
				9B8C9A11221B48DA00709385 /* Release */,
			);
			defaultConfigurationIsVisible = 0;
			defaultConfigurationName = Release;
		};
		9B8C9A12221B48DA00709385 /* Build configuration list for PBXNativeTarget "MovieDBUITests" */ = {
			isa = XCConfigurationList;
			buildConfigurations = (
				9B8C9A13221B48DA00709385 /* Debug */,
				9B8C9A14221B48DA00709385 /* Release */,
			);
			defaultConfigurationIsVisible = 0;
			defaultConfigurationName = Release;
		};
/* End XCConfigurationList section */
	};
	rootObject = 9B8C99DC221B48D900709385 /* Project object */;
}
